
Microsoft Visual Studio Solution File, Format Version 12.00
# Visual Studio 15
VisualStudioVersion = 15.0.27703.2000
MinimumVisualStudioVersion = 10.0.40219.1
Project("{FAE04EC0-301F-11D3-BF4B-00C04F79EFBC}") = "Bowling_Test", "Bowling_Test\Bowling_Test.csproj", "{ADDD3875-FCDD-459B-AEAB-C00DD7256DE6}"
EndProject
Global
	GlobalSection(SolutionConfigurationPlatforms) = preSolution
		Debug|Any CPU = Debug|Any CPU
		Release|Any CPU = Release|Any CPU
	EndGlobalSection
	GlobalSection(ProjectConfigurationPlatforms) = postSolution
		{ADDD3875-FCDD-459B-AEAB-C00DD7256DE6}.Debug|Any CPU.ActiveCfg = Debug|Any CPU
		{ADDD3875-FCDD-459B-AEAB-C00DD7256DE6}.Debug|Any CPU.Build.0 = Debug|Any CPU
		{ADDD3875-FCDD-459B-AEAB-C00DD7256DE6}.Release|Any CPU.ActiveCfg = Release|Any CPU
		{ADDD3875-FCDD-459B-AEAB-C00DD7256DE6}.Release|Any CPU.Build.0 = Release|Any CPU
	EndGlobalSection
	GlobalSection(SolutionProperties) = preSolution
		HideSolutionNode = FALSE
	EndGlobalSection
	GlobalSection(ExtensibilityGlobals) = postSolution
		SolutionGuid = {81A09527-E076-4070-9BB5-7AC01DB9D11A}
	EndGlobalSection
EndGlobal
